
Microsoft Visual Studio Solution File, Format Version 12.00
# Visual Studio Version 17
VisualStudioVersion = 17.0.31903.59
MinimumVisualStudioVersion = 10.0.40219.1
Project("{888888A0-9F3D-457C-B088-3A5042F75D52}") = "victorina3", "victorina3\victorina3.pyproj", "{E085F5A1-944E-4943-808A-ECFC479308C6}"
EndProject
Global
	GlobalSection(SolutionConfigurationPlatforms) = preSolution
		Debug|Any CPU = Debug|Any CPU
		Release|Any CPU = Release|Any CPU
	EndGlobalSection
	GlobalSection(ProjectConfigurationPlatforms) = postSolution
		{E085F5A1-944E-4943-808A-ECFC479308C6}.Debug|Any CPU.ActiveCfg = Debug|Any CPU
		{E085F5A1-944E-4943-808A-ECFC479308C6}.Release|Any CPU.ActiveCfg = Release|Any CPU
	EndGlobalSection
	GlobalSection(SolutionProperties) = preSolution
		HideSolutionNode = FALSE
	EndGlobalSection
	GlobalSection(ExtensibilityGlobals) = postSolution
		SolutionGuid = {A24C4F94-4878-485B-89D4-197177299F44}
	EndGlobalSection
EndGlobal
